
Microsoft Visual Studio Solution File, Format Version 12.00
# Visual Studio Version 17
VisualStudioVersion = 17.14.36705.20 d17.14
MinimumVisualStudioVersion = 10.0.40219.1
Project("{FAE04EC0-301F-11D3-BF4B-00C04F79EFBC}") = "GreenLifeOrganicStore", "GreenLifeOrganicStore\GreenLifeOrganicStore.csproj", "{D3DEA7D9-00A6-488E-AF5E-6DA9F6505A71}"
EndProject
Global
	GlobalSection(SolutionConfigurationPlatforms) = preSolution
		Debug|Any CPU = Debug|Any CPU
		Release|Any CPU = Release|Any CPU
	EndGlobalSection
	GlobalSection(ProjectConfigurationPlatforms) = postSolution
		{D3DEA7D9-00A6-488E-AF5E-6DA9F6505A71}.Debug|Any CPU.ActiveCfg = Debug|Any CPU
		{D3DEA7D9-00A6-488E-AF5E-6DA9F6505A71}.Debug|Any CPU.Build.0 = Debug|Any CPU
		{D3DEA7D9-00A6-488E-AF5E-6DA9F6505A71}.Release|Any CPU.ActiveCfg = Release|Any CPU
		{D3DEA7D9-00A6-488E-AF5E-6DA9F6505A71}.Release|Any CPU.Build.0 = Release|Any CPU
	EndGlobalSection
	GlobalSection(SolutionProperties) = preSolution
		HideSolutionNode = FALSE
	EndGlobalSection
	GlobalSection(ExtensibilityGlobals) = postSolution
		SolutionGuid = {985F81D8-7F1E-4993-8310-CB5E5AF86B86}
	EndGlobalSection
EndGlobal
